
Microsoft Visual Studio Solution File, Format Version 12.00
# Visual Studio Version 16
VisualStudioVersion = 16.0.31515.178
MinimumVisualStudioVersion = 10.0.40219.1
Project("{FAE04EC0-301F-11D3-BF4B-00C04F79EFBC}") = "SketchfabAPI", "SketchfabAPI\SketchfabAPI.csproj", "{92A773B8-3E84-4F0F-9D74-61E28AA3589E}"
EndProject
Global
	GlobalSection(SolutionConfigurationPlatforms) = preSolution
		Debug|Any CPU = Debug|Any CPU
		Release|Any CPU = Release|Any CPU
	EndGlobalSection
	GlobalSection(ProjectConfigurationPlatforms) = postSolution
		{92A773B8-3E84-4F0F-9D74-61E28AA3589E}.Debug|Any CPU.ActiveCfg = Debug|Any CPU
		{92A773B8-3E84-4F0F-9D74-61E28AA3589E}.Debug|Any CPU.Build.0 = Debug|Any CPU
		{92A773B8-3E84-4F0F-9D74-61E28AA3589E}.Release|Any CPU.ActiveCfg = Release|Any CPU
		{92A773B8-3E84-4F0F-9D74-61E28AA3589E}.Release|Any CPU.Build.0 = Release|Any CPU
	EndGlobalSection
	GlobalSection(SolutionProperties) = preSolution
		HideSolutionNode = FALSE
	EndGlobalSection
	GlobalSection(ExtensibilityGlobals) = postSolution
		SolutionGuid = {A62663AE-F02F-43EB-B00E-2F9E55492F48}
	EndGlobalSection
EndGlobal
